{
	"name": "@stella2211/cf-account-switcher",
	"version": "1.0.0",
	"lockfileVersion": 3,
	"requires": true,
	"packages": {
		"": {
			"name": "@stella2211/cf-account-switcher",
			"version": "1.0.0",
			"license": "MIT",
			"dependencies": {
				"@typescript/native-preview": "^7.0.0-dev.20251223.1"
			},
			"bin": {
				"cf-account-switcher": "dist/index.js"
			},
			"devDependencies": {
				"@biomejs/biome": "^2.3.10",
				"@types/bun": "latest",
				"@types/node": "^22.0.0"
			},
			"engines": {
				"node": ">=18.0.0"
			}
		},
		"node_modules/@biomejs/biome": {
			"version": "2.4.1",
			"resolved": "https://registry.npmjs.org/@biomejs/biome/-/biome-2.4.1.tgz",
			"integrity": "sha512-8c5DZQl1hfpLRlTZ21W5Ef2R314E4UJUEtkMbo303ElTVe6fYtapwldv7tZlgwm+9YP0Mhk7dUSTkOY8nQ2/2w==",
			"dev": true,
			"license": "MIT OR Apache-2.0",
			"bin": {
				"biome": "bin/biome"
			},
			"engines": {
				"node": ">=14.21.3"
			},
			"funding": {
				"type": "opencollective",
				"url": "https://opencollective.com/biome"
			},
			"optionalDependencies": {
				"@biomejs/cli-darwin-arm64": "2.4.1",
				"@biomejs/cli-darwin-x64": "2.4.1",
				"@biomejs/cli-linux-arm64": "2.4.1",
				"@biomejs/cli-linux-arm64-musl": "2.4.1",
				"@biomejs/cli-linux-x64": "2.4.1",
				"@biomejs/cli-linux-x64-musl": "2.4.1",
				"@biomejs/cli-win32-arm64": "2.4.1",
				"@biomejs/cli-win32-x64": "2.4.1"
			}
		},
		"node_modules/@biomejs/cli-darwin-arm64": {
			"version": "2.4.1",
			"resolved": "https://registry.npmjs.org/@biomejs/cli-darwin-arm64/-/cli-darwin-arm64-2.4.1.tgz",
			"integrity": "sha512-wKiX2znbgFRaivRplSbu53hiREp1ohlGRuWqOL90IPetLi5E32tkiMYu8uSLXVzDgbIVM58WsesPaczIVtJkOQ==",
			"cpu": [
				"arm64"
			],
			"dev": true,
			"license": "MIT OR Apache-2.0",
			"optional": true,
			"os": [
				"darwin"
			],
			"engines": {
				"node": ">=14.21.3"
			}
		},
		"node_modules/@biomejs/cli-darwin-x64": {
			"version": "2.4.1",
			"resolved": "https://registry.npmjs.org/@biomejs/cli-darwin-x64/-/cli-darwin-x64-2.4.1.tgz",
			"integrity": "sha512-rxLYVg3skeXh9K0om7JdkKcCdvtqrF9ECZ7dsmLuYObboK7DZ1J0z6xc2NGKSXw+cEQo3ie6NQgWBcdGJ16yQg==",
			"cpu": [
				"x64"
			],
			"dev": true,
			"license": "MIT OR Apache-2.0",
			"optional": true,
			"os": [
				"darwin"
			],
			"engines": {
				"node": ">=14.21.3"
			}
		},
		"node_modules/@biomejs/cli-linux-arm64": {
			"version": "2.4.1",
			"resolved": "https://registry.npmjs.org/@biomejs/cli-linux-arm64/-/cli-linux-arm64-2.4.1.tgz",
			"integrity": "sha512-nlGO5KzoEKhGj2i3QXyyNCeFk8SVwyes0wo0/X9w943darnlAHfi8MYYunPf8lsz5C0JaH6pJYB6D9HnDwUPQA==",
			"cpu": [
				"arm64"
			],
			"dev": true,
			"license": "MIT OR Apache-2.0",
			"optional": true,
			"os": [
				"linux"
			],
			"engines": {
				"node": ">=14.21.3"
			}
		},
		"node_modules/@biomejs/cli-linux-arm64-musl": {
			"version": "2.4.1",
			"resolved": "https://registry.npmjs.org/@biomejs/cli-linux-arm64-musl/-/cli-linux-arm64-musl-2.4.1.tgz",
			"integrity": "sha512-Brwh/QL3wfX5UyZcyEamS1Q+EF8Q7ud+MS5mq/9BWX2ArfxQlgsqlukwK92xrGpXWcspXkSG9U0CoxvCZZkTKQ==",
			"cpu": [
				"arm64"
			],
			"dev": true,
			"license": "MIT OR Apache-2.0",
			"optional": true,
			"os": [
				"linux"
			],
			"engines": {
				"node": ">=14.21.3"
			}
		},
		"node_modules/@biomejs/cli-linux-x64": {
			"version": "2.4.1",
			"resolved": "https://registry.npmjs.org/@biomejs/cli-linux-x64/-/cli-linux-x64-2.4.1.tgz",
			"integrity": "sha512-Rmhm/mQ/3pejy1WtWLKurV1fN6zvCrqKz/ART2ZzgqY4ozL07uys5R9jA0A+yLjA79JTkcpIe85ygXv0FnSPRg==",
			"cpu": [
				"x64"
			],
			"dev": true,
			"license": "MIT OR Apache-2.0",
			"optional": true,
			"os": [
				"linux"
			],
			"engines": {
				"node": ">=14.21.3"
			}
		},
		"node_modules/@biomejs/cli-linux-x64-musl": {
			"version": "2.4.1",
			"resolved": "https://registry.npmjs.org/@biomejs/cli-linux-x64-musl/-/cli-linux-x64-musl-2.4.1.tgz",
			"integrity": "sha512-kz1QpA+PXouNyWw2VzeoMlzMn99hlyOC/El2uSy+DS8gcb6tOsKEeZ5e2onnFIfZKe9AeKMFbTowDNLXwjwGjw==",
			"cpu": [
				"x64"
			],
			"dev": true,
			"license": "MIT OR Apache-2.0",
			"optional": true,
			"os": [
				"linux"
			],
			"engines": {
				"node": ">=14.21.3"
			}
		},
		"node_modules/@biomejs/cli-win32-arm64": {
			"version": "2.4.1",
			"resolved": "https://registry.npmjs.org/@biomejs/cli-win32-arm64/-/cli-win32-arm64-2.4.1.tgz",
			"integrity": "sha512-e+PrlbQ/tez7W9EAzzCGUH1ovq31kR5r8sfCDzasrmoADLnDafet8pA8LdXnt0GwkeOem5Hz6WHCVZPRmaXiXw==",
			"cpu": [
				"arm64"
			],
			"dev": true,
			"license": "MIT OR Apache-2.0",
			"optional": true,
			"os": [
				"win32"
			],
			"engines": {
				"node": ">=14.21.3"
			}
		},
		"node_modules/@biomejs/cli-win32-x64": {
			"version": "2.4.1",
			"resolved": "https://registry.npmjs.org/@biomejs/cli-win32-x64/-/cli-win32-x64-2.4.1.tgz",
			"integrity": "sha512-kfjOCzvaHC7olg8pmEuSsYzHntxdipkAGzr5nFiaEU2EPDWRE/myqUBaFDl9pHqEc8yEtQFiXF945PlTSkuOTw==",
			"cpu": [
				"x64"
			],
			"dev": true,
			"license": "MIT OR Apache-2.0",
			"optional": true,
			"os": [
				"win32"
			],
			"engines": {
				"node": ">=14.21.3"
			}
		},
		"node_modules/@types/bun": {
			"version": "1.3.9",
			"resolved": "https://registry.npmjs.org/@types/bun/-/bun-1.3.9.tgz",
			"integrity": "sha512-KQ571yULOdWJiMH+RIWIOZ7B2RXQGpL1YQrBtLIV3FqDcCu6FsbFUBwhdKUlCKUpS3PJDsHlJ1QKlpxoVR+xtw==",
			"dev": true,
			"license": "MIT",
			"dependencies": {
				"bun-types": "1.3.9"
			}
		},
		"node_modules/@types/node": {
			"version": "22.19.11",
			"resolved": "https://registry.npmjs.org/@types/node/-/node-22.19.11.tgz",
			"integrity": "sha512-BH7YwL6rA93ReqeQS1c4bsPpcfOmJasG+Fkr6Y59q83f9M1WcBRHR2vM+P9eOisYRcN3ujQoiZY8uk5W+1WL8w==",
			"dev": true,
			"license": "MIT",
			"dependencies": {
				"undici-types": "~6.21.0"
			}
		},
		"node_modules/@typescript/native-preview": {
			"version": "7.0.0-dev.20260216.1",
			"resolved": "https://registry.npmjs.org/@typescript/native-preview/-/native-preview-7.0.0-dev.20260216.1.tgz",
			"integrity": "sha512-Vhffqcro1Q3w1zRgZ0E1C5JOB+8CtwKjSsszYfpGkt0qvRtOBO227AcnQe1sEiX+VLZW3Iw1VGVMhc8hNhpRZw==",
			"license": "Apache-2.0",
			"bin": {
				"tsgo": "bin/tsgo.js"
			},
			"optionalDependencies": {
				"@typescript/native-preview-darwin-arm64": "7.0.0-dev.20260216.1",
				"@typescript/native-preview-darwin-x64": "7.0.0-dev.20260216.1",
				"@typescript/native-preview-linux-arm": "7.0.0-dev.20260216.1",
				"@typescript/native-preview-linux-arm64": "7.0.0-dev.20260216.1",
				"@typescript/native-preview-linux-x64": "7.0.0-dev.20260216.1",
				"@typescript/native-preview-win32-arm64": "7.0.0-dev.20260216.1",
				"@typescript/native-preview-win32-x64": "7.0.0-dev.20260216.1"
			}
		},
		"node_modules/@typescript/native-preview-darwin-arm64": {
			"version": "7.0.0-dev.20260216.1",
			"resolved": "https://registry.npmjs.org/@typescript/native-preview-darwin-arm64/-/native-preview-darwin-arm64-7.0.0-dev.20260216.1.tgz",
			"integrity": "sha512-ZcxlhZ4Scm1LFKeGXo7V+B4H1Mb27/uVBO1o7d060jRIpGRuCOxsELo7jgUY8UhhTXtSpLECHsmAj8EyERSi9w==",
			"cpu": [
				"arm64"
			],
			"license": "Apache-2.0",
			"optional": true,
			"os": [
				"darwin"
			]
		},
		"node_modules/@typescript/native-preview-darwin-x64": {
			"version": "7.0.0-dev.20260216.1",
			"resolved": "https://registry.npmjs.org/@typescript/native-preview-darwin-x64/-/native-preview-darwin-x64-7.0.0-dev.20260216.1.tgz",
			"integrity": "sha512-hY+hondi5/2m0rNSIgRkOfmA6FIx+KKnjPd9R6hHHumQu00XXoYA/xcIq3SyV1sXtowkhN+hR3ZUp1y3Orb84A==",
			"cpu": [
				"x64"
			],
			"license": "Apache-2.0",
			"optional": true,
			"os": [
				"darwin"
			]
		},
		"node_modules/@typescript/native-preview-linux-arm": {
			"version": "7.0.0-dev.20260216.1",
			"resolved": "https://registry.npmjs.org/@typescript/native-preview-linux-arm/-/native-preview-linux-arm-7.0.0-dev.20260216.1.tgz",
			"integrity": "sha512-Q+HBF1rlwpV1Nh2AESwte0lEHNPYVvbRLPQzTrorvx3gvXdRzfO9tHa6JL8Y1BO2KmSZBKmT7U+0188icTPBSg==",
			"cpu": [
				"arm"
			],
			"license": "Apache-2.0",
			"optional": true,
			"os": [
				"linux"
			]
		},
		"node_modules/@typescript/native-preview-linux-arm64": {
			"version": "7.0.0-dev.20260216.1",
			"resolved": "https://registry.npmjs.org/@typescript/native-preview-linux-arm64/-/native-preview-linux-arm64-7.0.0-dev.20260216.1.tgz",
			"integrity": "sha512-L+3CgBVAjpYnWgulmTWOTp7IdbLjgOzLpppr2597i79KE5MV7UyC73UCdvK3GtAl1Huiss0HsWVBBEYRkLQsfw==",
			"cpu": [
				"arm64"
			],
			"license": "Apache-2.0",
			"optional": true,
			"os": [
				"linux"
			]
		},
		"node_modules/@typescript/native-preview-linux-x64": {
			"version": "7.0.0-dev.20260216.1",
			"resolved": "https://registry.npmjs.org/@typescript/native-preview-linux-x64/-/native-preview-linux-x64-7.0.0-dev.20260216.1.tgz",
			"integrity": "sha512-qIaQFRL2s+fi3zbS0+fCgR1Nk7fXMnbLW7wsFpcwn3fpEYuMdiQY9pwE8SvJsw2M78xZlXL5L9l5CL8ti0cNZQ==",
			"cpu": [
				"x64"
			],
			"license": "Apache-2.0",
			"optional": true,
			"os": [
				"linux"
			]
		},
		"node_modules/@typescript/native-preview-win32-arm64": {
			"version": "7.0.0-dev.20260216.1",
			"resolved": "https://registry.npmjs.org/@typescript/native-preview-win32-arm64/-/native-preview-win32-arm64-7.0.0-dev.20260216.1.tgz",
			"integrity": "sha512-Yu7OLyMng9A2GA0vlZ8WZuqAnI+WM55UaY1UwA03TJdcljk/AcEzb/99fEq5g0kPg3k2wwHiyMrCGxxu99+gXQ==",
			"cpu": [
				"arm64"
			],
			"license": "Apache-2.0",
			"optional": true,
			"os": [
				"win32"
			]
		},
		"node_modules/@typescript/native-preview-win32-x64": {
			"version": "7.0.0-dev.20260216.1",
			"resolved": "https://registry.npmjs.org/@typescript/native-preview-win32-x64/-/native-preview-win32-x64-7.0.0-dev.20260216.1.tgz",
			"integrity": "sha512-Lc+E1UNGKioOtKHUm1CLFO3W2PFWdLpJ6j2uB52RH0zhb63p4CEGCsuDH36QvgsXLibviExeNUF5Dum0rNKT9g==",
			"cpu": [
				"x64"
			],
			"license": "Apache-2.0",
			"optional": true,
			"os": [
				"win32"
			]
		},
		"node_modules/bun-types": {
			"version": "1.3.9",
			"resolved": "https://registry.npmjs.org/bun-types/-/bun-types-1.3.9.tgz",
			"integrity": "sha512-+UBWWOakIP4Tswh0Bt0QD0alpTY8cb5hvgiYeWCMet9YukHbzuruIEeXC2D7nMJPB12kbh8C7XJykSexEqGKJg==",
			"dev": true,
			"license": "MIT",
			"dependencies": {
				"@types/node": "*"
			}
		},
		"node_modules/undici-types": {
			"version": "6.21.0",
			"resolved": "https://registry.npmjs.org/undici-types/-/undici-types-6.21.0.tgz",
			"integrity": "sha512-iwDZqg0QAGrg9Rav5H4n0M64c3mkR59cJ6wQp+7C4nI0gsmExaedaYLNO44eT4AtBBwjbTiGPMlt2Md0T9H9JQ==",
			"dev": true,
			"license": "MIT"
		}
	}
}
